
Microsoft Visual Studio Solution File, Format Version 12.00
# Visual Studio Version 17
VisualStudioVersion = 17.11.35327.3
MinimumVisualStudioVersion = 10.0.40219.1
Project("{9A19103F-16F7-4668-BE54-9A1E7A4F7556}") = "TodoApi", "TodoApi.csproj", "{E97E7521-CF41-4362-9E1A-05110E991B28}"
EndProject
Global
	GlobalSection(SolutionConfigurationPlatforms) = preSolution
		Debug|Any CPU = Debug|Any CPU
		Release|Any CPU = Release|Any CPU
	EndGlobalSection
	GlobalSection(ProjectConfigurationPlatforms) = postSolution
		{E97E7521-CF41-4362-9E1A-05110E991B28}.Debug|Any CPU.ActiveCfg = Debug|Any CPU
		{E97E7521-CF41-4362-9E1A-05110E991B28}.Debug|Any CPU.Build.0 = Debug|Any CPU
		{E97E7521-CF41-4362-9E1A-05110E991B28}.Release|Any CPU.ActiveCfg = Release|Any CPU
		{E97E7521-CF41-4362-9E1A-05110E991B28}.Release|Any CPU.Build.0 = Release|Any CPU
	EndGlobalSection
	GlobalSection(SolutionProperties) = preSolution
		HideSolutionNode = FALSE
	EndGlobalSection
	GlobalSection(ExtensibilityGlobals) = postSolution
		SolutionGuid = {78113776-F8DC-4A59-A254-90EC1D04FBBC}
	EndGlobalSection
EndGlobal
